
Microsoft Visual Studio Solution File, Format Version 12.00
# Visual Studio Version 16
VisualStudioVersion = 16.0.31613.86
MinimumVisualStudioVersion = 10.0.40219.1
Project("{9A19103F-16F7-4668-BE54-9A1E7A4F7556}") = "DemoCode", "DemoCode\DemoCode.csproj", "{2E63DC32-508F-4697-99B5-B07332938AFD}"
EndProject
Project("{FAE04EC0-301F-11D3-BF4B-00C04F79EFBC}") = "DemoUnitTest", "DemoUnitTest\DemoUnitTest.csproj", "{4F3AD205-DD45-46BE-A8FC-9094EFE6A0B2}"
EndProject
Global
	GlobalSection(SolutionConfigurationPlatforms) = preSolution
		Debug|Any CPU = Debug|Any CPU
		Release|Any CPU = Release|Any CPU
	EndGlobalSection
	GlobalSection(ProjectConfigurationPlatforms) = postSolution
		{2E63DC32-508F-4697-99B5-B07332938AFD}.Debug|Any CPU.ActiveCfg = Debug|Any CPU
		{2E63DC32-508F-4697-99B5-B07332938AFD}.Debug|Any CPU.Build.0 = Debug|Any CPU
		{2E63DC32-508F-4697-99B5-B07332938AFD}.Release|Any CPU.ActiveCfg = Release|Any CPU
		{2E63DC32-508F-4697-99B5-B07332938AFD}.Release|Any CPU.Build.0 = Release|Any CPU
		{4F3AD205-DD45-46BE-A8FC-9094EFE6A0B2}.Debug|Any CPU.ActiveCfg = Debug|Any CPU
		{4F3AD205-DD45-46BE-A8FC-9094EFE6A0B2}.Debug|Any CPU.Build.0 = Debug|Any CPU
		{4F3AD205-DD45-46BE-A8FC-9094EFE6A0B2}.Release|Any CPU.ActiveCfg = Release|Any CPU
		{4F3AD205-DD45-46BE-A8FC-9094EFE6A0B2}.Release|Any CPU.Build.0 = Release|Any CPU
	EndGlobalSection
	GlobalSection(SolutionProperties) = preSolution
		HideSolutionNode = FALSE
	EndGlobalSection
	GlobalSection(ExtensibilityGlobals) = postSolution
		SolutionGuid = {D3A4D46E-4829-4DAE-82E5-511A74D9E65F}
	EndGlobalSection
EndGlobal
